{
  "name": "montyviewer",
  "version": "0.1.0",
  "lockfileVersion": 3,
  "requires": true,
  "packages": {
    "": {
      "name": "montyviewer",
      "version": "0.1.0",
      "dependencies": {
        "@speckle/viewer": "2.25.4",
        "zod": "^4.3.6"
      },
      "devDependencies": {
        "playwright": "^1.58.2",
        "typescript": "^5.5.0",
        "vite": "^5.4.0"
      }
    },
    "node_modules/@esbuild/aix-ppc64": {
      "version": "0.21.5",
      "resolved": "https://registry.npmjs.org/@esbuild/aix-ppc64/-/aix-ppc64-0.21.5.tgz",
      "integrity": "sha512-1SDgH6ZSPTlggy1yI6+Dbkiz8xzpHJEVAlF/AM1tHPLsf5STom9rwtjE4hKAF20FfXXNTFqEYXyJNWh1GiZedQ==",
      "cpu": [
        "ppc64"
      ],
      "dev": true,
      "license": "MIT",
      "optional": true,
      "os": [
        "aix"
      ],
      "engines": {
        "node": ">=12"
      }
    },
    "node_modules/@esbuild/android-arm": {
      "version": "0.21.5",
      "resolved": "https://registry.npmjs.org/@esbuild/android-arm/-/android-arm-0.21.5.tgz",
      "integrity": "sha512-vCPvzSjpPHEi1siZdlvAlsPxXl7WbOVUBBAowWug4rJHb68Ox8KualB+1ocNvT5fjv6wpkX6o/iEpbDrf68zcg==",
      "cpu": [
        "arm"
      ],
      "dev": true,
      "license": "MIT",
      "optional": true,
      "os": [
        "android"
      ],
      "engines": {
        "node": ">=12"
      }
    },
    "node_modules/@esbuild/android-arm64": {
      "version": "0.21.5",
      "resolved": "https://registry.npmjs.org/@esbuild/android-arm64/-/android-arm64-0.21.5.tgz",
      "integrity": "sha512-c0uX9VAUBQ7dTDCjq+wdyGLowMdtR/GoC2U5IYk/7D1H1JYC0qseD7+11iMP2mRLN9RcCMRcjC4YMclCzGwS/A==",
      "cpu": [
        "arm64"
      ],
      "dev": true,
      "license": "MIT",
      "optional": true,
      "os": [
        "android"
      ],
      "engines": {
        "node": ">=12"
      }
    },
    "node_modules/@esbuild/android-x64": {
      "version": "0.21.5",
      "resolved": "https://registry.npmjs.org/@esbuild/android-x64/-/android-x64-0.21.5.tgz",
      "integrity": "sha512-D7aPRUUNHRBwHxzxRvp856rjUHRFW1SdQATKXH2hqA0kAZb1hKmi02OpYRacl0TxIGz/ZmXWlbZgjwWYaCakTA==",
      "cpu": [
        "x64"
      ],
      "dev": true,
      "license": "MIT",
      "optional": true,
      "os": [
        "android"
      ],
      "engines": {
        "node": ">=12"
      }
    },
    "node_modules/@esbuild/darwin-arm64": {
      "version": "0.21.5",
      "resolved": "https://registry.npmjs.org/@esbuild/darwin-arm64/-/darwin-arm64-0.21.5.tgz",
      "integrity": "sha512-DwqXqZyuk5AiWWf3UfLiRDJ5EDd49zg6O9wclZ7kUMv2WRFr4HKjXp/5t8JZ11QbQfUS6/cRCKGwYhtNAY88kQ==",
      "cpu": [
        "arm64"
      ],
      "dev": true,
      "license": "MIT",
      "optional": true,
      "os": [
        "darwin"
      ],
      "engines": {
        "node": ">=12"
      }
    },
    "node_modules/@esbuild/darwin-x64": {
      "version": "0.21.5",
      "resolved": "https://registry.npmjs.org/@esbuild/darwin-x64/-/darwin-x64-0.21.5.tgz",
      "integrity": "sha512-se/JjF8NlmKVG4kNIuyWMV/22ZaerB+qaSi5MdrXtd6R08kvs2qCN4C09miupktDitvh8jRFflwGFBQcxZRjbw==",
      "cpu": [
        "x64"
      ],
      "dev": true,
      "license": "MIT",
      "optional": true,
      "os": [
        "darwin"
      ],
      "engines": {
        "node": ">=12"
      }
    },
    "node_modules/@esbuild/freebsd-arm64": {
      "version": "0.21.5",
      "resolved": "https://registry.npmjs.org/@esbuild/freebsd-arm64/-/freebsd-arm64-0.21.5.tgz",
      "integrity": "sha512-5JcRxxRDUJLX8JXp/wcBCy3pENnCgBR9bN6JsY4OmhfUtIHe3ZW0mawA7+RDAcMLrMIZaf03NlQiX9DGyB8h4g==",
      "cpu": [
        "arm64"
      ],
      "dev": true,
      "license": "MIT",
      "optional": true,
      "os": [
        "freebsd"
      ],
      "engines": {
        "node": ">=12"
      }
    },
    "node_modules/@esbuild/freebsd-x64": {
      "version": "0.21.5",
      "resolved": "https://registry.npmjs.org/@esbuild/freebsd-x64/-/freebsd-x64-0.21.5.tgz",
      "integrity": "sha512-J95kNBj1zkbMXtHVH29bBriQygMXqoVQOQYA+ISs0/2l3T9/kj42ow2mpqerRBxDJnmkUDCaQT/dfNXWX/ZZCQ==",
      "cpu": [
        "x64"
      ],
      "dev": true,
      "license": "MIT",
      "optional": true,
      "os": [
        "freebsd"
      ],
      "engines": {
        "node": ">=12"
      }
    },
    "node_modules/@esbuild/linux-arm": {
      "version": "0.21.5",
      "resolved": "https://registry.npmjs.org/@esbuild/linux-arm/-/linux-arm-0.21.5.tgz",
      "integrity": "sha512-bPb5AHZtbeNGjCKVZ9UGqGwo8EUu4cLq68E95A53KlxAPRmUyYv2D6F0uUI65XisGOL1hBP5mTronbgo+0bFcA==",
      "cpu": [
        "arm"
      ],
      "dev": true,
      "license": "MIT",
      "optional": true,
      "os": [
        "linux"
      ],
      "engines": {
        "node": ">=12"
      }
    },
    "node_modules/@esbuild/linux-arm64": {
      "version": "0.21.5",
      "resolved": "https://registry.npmjs.org/@esbuild/linux-arm64/-/linux-arm64-0.21.5.tgz",
      "integrity": "sha512-ibKvmyYzKsBeX8d8I7MH/TMfWDXBF3db4qM6sy+7re0YXya+K1cem3on9XgdT2EQGMu4hQyZhan7TeQ8XkGp4Q==",
      "cpu": [
        "arm64"
      ],
      "dev": true,
      "license": "MIT",
      "optional": true,
      "os": [
        "linux"
      ],
      "engines": {
        "node": ">=12"
      }
    },
    "node_modules/@esbuild/linux-ia32": {
      "version": "0.21.5",
      "resolved": "https://registry.npmjs.org/@esbuild/linux-ia32/-/linux-ia32-0.21.5.tgz",
      "integrity": "sha512-YvjXDqLRqPDl2dvRODYmmhz4rPeVKYvppfGYKSNGdyZkA01046pLWyRKKI3ax8fbJoK5QbxblURkwK/MWY18Tg==",
      "cpu": [
        "ia32"
      ],
      "dev": true,
      "license": "MIT",
      "optional": true,
      "os": [
        "linux"
      ],
      "engines": {
        "node": ">=12"
      }
    },
    "node_modules/@esbuild/linux-loong64": {
      "version": "0.21.5",
      "resolved": "https://registry.npmjs.org/@esbuild/linux-loong64/-/linux-loong64-0.21.5.tgz",
      "integrity": "sha512-uHf1BmMG8qEvzdrzAqg2SIG/02+4/DHB6a9Kbya0XDvwDEKCoC8ZRWI5JJvNdUjtciBGFQ5PuBlpEOXQj+JQSg==",
      "cpu": [
        "loong64"
      ],
      "dev": true,
      "license": "MIT",
      "optional": true,
      "os": [
        "linux"
      ],
      "engines": {
        "node": ">=12"
      }
    },
    "node_modules/@esbuild/linux-mips64el": {
      "version": "0.21.5",
      "resolved": "https://registry.npmjs.org/@esbuild/linux-mips64el/-/linux-mips64el-0.21.5.tgz",
      "integrity": "sha512-IajOmO+KJK23bj52dFSNCMsz1QP1DqM6cwLUv3W1QwyxkyIWecfafnI555fvSGqEKwjMXVLokcV5ygHW5b3Jbg==",
      "cpu": [
        "mips64el"
      ],
      "dev": true,
      "license": "MIT",
      "optional": true,
      "os": [
        "linux"
      ],
      "engines": {
        "node": ">=12"
      }
    },
    "node_modules/@esbuild/linux-ppc64": {
      "version": "0.21.5",
      "resolved": "https://registry.npmjs.org/@esbuild/linux-ppc64/-/linux-ppc64-0.21.5.tgz",
      "integrity": "sha512-1hHV/Z4OEfMwpLO8rp7CvlhBDnjsC3CttJXIhBi+5Aj5r+MBvy4egg7wCbe//hSsT+RvDAG7s81tAvpL2XAE4w==",
      "cpu": [
        "ppc64"
      ],
      "dev": true,
      "license": "MIT",
      "optional": true,
      "os": [
        "linux"
      ],
      "engines": {
        "node": ">=12"
      }
    },
    "node_modules/@esbuild/linux-riscv64": {
      "version": "0.21.5",
      "resolved": "https://registry.npmjs.org/@esbuild/linux-riscv64/-/linux-riscv64-0.21.5.tgz",
      "integrity": "sha512-2HdXDMd9GMgTGrPWnJzP2ALSokE/0O5HhTUvWIbD3YdjME8JwvSCnNGBnTThKGEB91OZhzrJ4qIIxk/SBmyDDA==",
      "cpu": [
        "riscv64"
      ],
      "dev": true,
      "license": "MIT",
      "optional": true,
      "os": [
        "linux"
      ],
      "engines": {
        "node": ">=12"
      }
    },
    "node_modules/@esbuild/linux-s390x": {
      "version": "0.21.5",
      "resolved": "https://registry.npmjs.org/@esbuild/linux-s390x/-/linux-s390x-0.21.5.tgz",
      "integrity": "sha512-zus5sxzqBJD3eXxwvjN1yQkRepANgxE9lgOW2qLnmr8ikMTphkjgXu1HR01K4FJg8h1kEEDAqDcZQtbrRnB41A==",
      "cpu": [
        "s390x"
      ],
      "dev": true,
      "license": "MIT",
      "optional": true,
      "os": [
        "linux"
      ],
      "engines": {
        "node": ">=12"
      }
    },
    "node_modules/@esbuild/linux-x64": {
      "version": "0.21.5",
      "resolved": "https://registry.npmjs.org/@esbuild/linux-x64/-/linux-x64-0.21.5.tgz",
      "integrity": "sha512-1rYdTpyv03iycF1+BhzrzQJCdOuAOtaqHTWJZCWvijKD2N5Xu0TtVC8/+1faWqcP9iBCWOmjmhoH94dH82BxPQ==",
      "cpu": [
        "x64"
      ],
      "dev": true,
      "license": "MIT",
      "optional": true,
      "os": [
        "linux"
      ],
      "engines": {
        "node": ">=12"
      }
    },
    "node_modules/@esbuild/netbsd-x64": {
      "version": "0.21.5",
      "resolved": "https://registry.npmjs.org/@esbuild/netbsd-x64/-/netbsd-x64-0.21.5.tgz",
      "integrity": "sha512-Woi2MXzXjMULccIwMnLciyZH4nCIMpWQAs049KEeMvOcNADVxo0UBIQPfSmxB3CWKedngg7sWZdLvLczpe0tLg==",
      "cpu": [
        "x64"
      ],
      "dev": true,
      "license": "MIT",
      "optional": true,
      "os": [
        "netbsd"
      ],
      "engines": {
        "node": ">=12"
      }
    },
    "node_modules/@esbuild/openbsd-x64": {
      "version": "0.21.5",
      "resolved": "https://registry.npmjs.org/@esbuild/openbsd-x64/-/openbsd-x64-0.21.5.tgz",
      "integrity": "sha512-HLNNw99xsvx12lFBUwoT8EVCsSvRNDVxNpjZ7bPn947b8gJPzeHWyNVhFsaerc0n3TsbOINvRP2byTZ5LKezow==",
      "cpu": [
        "x64"
      ],
      "dev": true,
      "license": "MIT",
      "optional": true,
      "os": [
        "openbsd"
      ],
      "engines": {
        "node": ">=12"
      }
    },
    "node_modules/@esbuild/sunos-x64": {
      "version": "0.21.5",
      "resolved": "https://registry.npmjs.org/@esbuild/sunos-x64/-/sunos-x64-0.21.5.tgz",
      "integrity": "sha512-6+gjmFpfy0BHU5Tpptkuh8+uw3mnrvgs+dSPQXQOv3ekbordwnzTVEb4qnIvQcYXq6gzkyTnoZ9dZG+D4garKg==",
      "cpu": [
        "x64"
      ],
      "dev": true,
      "license": "MIT",
      "optional": true,
      "os": [
        "sunos"
      ],
      "engines": {
        "node": ">=12"
      }
    },
    "node_modules/@esbuild/win32-arm64": {
      "version": "0.21.5",
      "resolved": "https://registry.npmjs.org/@esbuild/win32-arm64/-/win32-arm64-0.21.5.tgz",
      "integrity": "sha512-Z0gOTd75VvXqyq7nsl93zwahcTROgqvuAcYDUr+vOv8uHhNSKROyU961kgtCD1e95IqPKSQKH7tBTslnS3tA8A==",
      "cpu": [
        "arm64"
      ],
      "dev": true,
      "license": "MIT",
      "optional": true,
      "os": [
        "win32"
      ],
      "engines": {
        "node": ">=12"
      }
    },
    "node_modules/@esbuild/win32-ia32": {
      "version": "0.21.5",
      "resolved": "https://registry.npmjs.org/@esbuild/win32-ia32/-/win32-ia32-0.21.5.tgz",
      "integrity": "sha512-SWXFF1CL2RVNMaVs+BBClwtfZSvDgtL//G/smwAc5oVK/UPu2Gu9tIaRgFmYFFKrmg3SyAjSrElf0TiJ1v8fYA==",
      "cpu": [
        "ia32"
      ],
      "dev": true,
      "license": "MIT",
      "optional": true,
      "os": [
        "win32"
      ],
      "engines": {
        "node": ">=12"
      }
    },
    "node_modules/@rollup/rollup-android-arm-eabi": {
      "version": "4.59.0",
      "resolved": "https://registry.npmjs.org/@rollup/rollup-android-arm-eabi/-/rollup-android-arm-eabi-4.59.0.tgz",
      "integrity": "sha512-upnNBkA6ZH2VKGcBj9Fyl9IGNPULcjXRlg0LLeaioQWueH30p6IXtJEbKAgvyv+mJaMxSm1l6xwDXYjpEMiLMg==",
      "cpu": [
        "arm"
      ],
      "dev": true,
      "license": "MIT",
      "optional": true,
      "os": [
        "android"
      ]
    },
    "node_modules/@rollup/rollup-android-arm64": {
      "version": "4.59.0",
      "resolved": "https://registry.npmjs.org/@rollup/rollup-android-arm64/-/rollup-android-arm64-4.59.0.tgz",
      "integrity": "sha512-hZ+Zxj3SySm4A/DylsDKZAeVg0mvi++0PYVceVyX7hemkw7OreKdCvW2oQ3T1FMZvCaQXqOTHb8qmBShoqk69Q==",
      "cpu": [
        "arm64"
      ],
      "dev": true,
      "license": "MIT",
      "optional": true,
      "os": [
        "android"
      ]
    },
    "node_modules/@rollup/rollup-darwin-arm64": {
      "version": "4.59.0",
      "resolved": "https://registry.npmjs.org/@rollup/rollup-darwin-arm64/-/rollup-darwin-arm64-4.59.0.tgz",
      "integrity": "sha512-W2Psnbh1J8ZJw0xKAd8zdNgF9HRLkdWwwdWqubSVk0pUuQkoHnv7rx4GiF9rT4t5DIZGAsConRE3AxCdJ4m8rg==",
      "cpu": [
        "arm64"
      ],
      "dev": true,
      "license": "MIT",
      "optional": true,
      "os": [
        "darwin"
      ]
    },
    "node_modules/@rollup/rollup-darwin-x64": {
      "version": "4.59.0",
      "resolved": "https://registry.npmjs.org/@rollup/rollup-darwin-x64/-/rollup-darwin-x64-4.59.0.tgz",
      "integrity": "sha512-ZW2KkwlS4lwTv7ZVsYDiARfFCnSGhzYPdiOU4IM2fDbL+QGlyAbjgSFuqNRbSthybLbIJ915UtZBtmuLrQAT/w==",
      "cpu": [
        "x64"
      ],
      "dev": true,
      "license": "MIT",
      "optional": true,
      "os": [
        "darwin"
      ]
    },
    "node_modules/@rollup/rollup-freebsd-arm64": {
      "version": "4.59.0",
      "resolved": "https://registry.npmjs.org/@rollup/rollup-freebsd-arm64/-/rollup-freebsd-arm64-4.59.0.tgz",
      "integrity": "sha512-EsKaJ5ytAu9jI3lonzn3BgG8iRBjV4LxZexygcQbpiU0wU0ATxhNVEpXKfUa0pS05gTcSDMKpn3Sx+QB9RlTTA==",
      "cpu": [
        "arm64"
      ],
      "dev": true,
      "license": "MIT",
      "optional": true,
      "os": [
        "freebsd"
      ]
    },
    "node_modules/@rollup/rollup-freebsd-x64": {
      "version": "4.59.0",
      "resolved": "https://registry.npmjs.org/@rollup/rollup-freebsd-x64/-/rollup-freebsd-x64-4.59.0.tgz",
      "integrity": "sha512-d3DuZi2KzTMjImrxoHIAODUZYoUUMsuUiY4SRRcJy6NJoZ6iIqWnJu9IScV9jXysyGMVuW+KNzZvBLOcpdl3Vg==",
      "cpu": [
        "x64"
      ],
      "dev": true,
      "license": "MIT",
      "optional": true,
      "os": [
        "freebsd"
      ]
    },
    "node_modules/@rollup/rollup-linux-arm-gnueabihf": {
      "version": "4.59.0",
      "resolved": "https://registry.npmjs.org/@rollup/rollup-linux-arm-gnueabihf/-/rollup-linux-arm-gnueabihf-4.59.0.tgz",
      "integrity": "sha512-t4ONHboXi/3E0rT6OZl1pKbl2Vgxf9vJfWgmUoCEVQVxhW6Cw/c8I6hbbu7DAvgp82RKiH7TpLwxnJeKv2pbsw==",
      "cpu": [
        "arm"
      ],
      "dev": true,
      "license": "MIT",
      "optional": true,
      "os": [
        "linux"
      ]
    },
    "node_modules/@rollup/rollup-linux-arm-musleabihf": {
      "version": "4.59.0",
      "resolved": "https://registry.npmjs.org/@rollup/rollup-linux-arm-musleabihf/-/rollup-linux-arm-musleabihf-4.59.0.tgz",
      "integrity": "sha512-CikFT7aYPA2ufMD086cVORBYGHffBo4K8MQ4uPS/ZnY54GKj36i196u8U+aDVT2LX4eSMbyHtyOh7D7Zvk2VvA==",
      "cpu": [
        "arm"
      ],
      "dev": true,
      "license": "MIT",
      "optional": true,
      "os": [
        "linux"
      ]
    },
    "node_modules/@rollup/rollup-linux-arm64-gnu": {
      "version": "4.59.0",
      "resolved": "https://registry.npmjs.org/@rollup/rollup-linux-arm64-gnu/-/rollup-linux-arm64-gnu-4.59.0.tgz",
      "integrity": "sha512-jYgUGk5aLd1nUb1CtQ8E+t5JhLc9x5WdBKew9ZgAXg7DBk0ZHErLHdXM24rfX+bKrFe+Xp5YuJo54I5HFjGDAA==",
      "cpu": [
        "arm64"
      ],
      "dev": true,
      "license": "MIT",
      "optional": true,
      "os": [
        "linux"
      ]
    },
    "node_modules/@rollup/rollup-linux-arm64-musl": {
      "version": "4.59.0",
      "resolved": "https://registry.npmjs.org/@rollup/rollup-linux-arm64-musl/-/rollup-linux-arm64-musl-4.59.0.tgz",
      "integrity": "sha512-peZRVEdnFWZ5Bh2KeumKG9ty7aCXzzEsHShOZEFiCQlDEepP1dpUl/SrUNXNg13UmZl+gzVDPsiCwnV1uI0RUA==",
      "cpu": [
        "arm64"
      ],
      "dev": true,
      "license": "MIT",
      "optional": true,
      "os": [
        "linux"
      ]
    },
    "node_modules/@rollup/rollup-linux-loong64-gnu": {
      "version": "4.59.0",
      "resolved": "https://registry.npmjs.org/@rollup/rollup-linux-loong64-gnu/-/rollup-linux-loong64-gnu-4.59.0.tgz",
      "integrity": "sha512-gbUSW/97f7+r4gHy3Jlup8zDG190AuodsWnNiXErp9mT90iCy9NKKU0Xwx5k8VlRAIV2uU9CsMnEFg/xXaOfXg==",
      "cpu": [
        "loong64"
      ],
      "dev": true,
      "license": "MIT",
      "optional": true,
      "os": [
        "linux"
      ]
    },
    "node_modules/@rollup/rollup-linux-loong64-musl": {
      "version": "4.59.0",
      "resolved": "https://registry.npmjs.org/@rollup/rollup-linux-loong64-musl/-/rollup-linux-loong64-musl-4.59.0.tgz",
      "integrity": "sha512-yTRONe79E+o0FWFijasoTjtzG9EBedFXJMl888NBEDCDV9I2wGbFFfJQQe63OijbFCUZqxpHz1GzpbtSFikJ4Q==",
      "cpu": [
        "loong64"
      ],
      "dev": true,
      "license": "MIT",
      "optional": true,
      "os": [
        "linux"
      ]
    },
    "node_modules/@rollup/rollup-linux-ppc64-gnu": {
      "version": "4.59.0",
      "resolved": "https://registry.npmjs.org/@rollup/rollup-linux-ppc64-gnu/-/rollup-linux-ppc64-gnu-4.59.0.tgz",
      "integrity": "sha512-sw1o3tfyk12k3OEpRddF68a1unZ5VCN7zoTNtSn2KndUE+ea3m3ROOKRCZxEpmT9nsGnogpFP9x6mnLTCaoLkA==",
      "cpu": [
        "ppc64"
      ],
      "dev": true,
      "license": "MIT",
      "optional": true,
      "os": [
        "linux"
      ]
    },
    "node_modules/@rollup/rollup-linux-ppc64-musl": {
      "version": "4.59.0",
      "resolved": "https://registry.npmjs.org/@rollup/rollup-linux-ppc64-musl/-/rollup-linux-ppc64-musl-4.59.0.tgz",
      "integrity": "sha512-+2kLtQ4xT3AiIxkzFVFXfsmlZiG5FXYW7ZyIIvGA7Bdeuh9Z0aN4hVyXS/G1E9bTP/vqszNIN/pUKCk/BTHsKA==",
      "cpu": [
        "ppc64"
      ],
      "dev": true,
      "license": "MIT",
      "optional": true,
      "os": [
        "linux"
      ]
    },
    "node_modules/@rollup/rollup-linux-riscv64-gnu": {
      "version": "4.59.0",
      "resolved": "https://registry.npmjs.org/@rollup/rollup-linux-riscv64-gnu/-/rollup-linux-riscv64-gnu-4.59.0.tgz",
      "integrity": "sha512-NDYMpsXYJJaj+I7UdwIuHHNxXZ/b/N2hR15NyH3m2qAtb/hHPA4g4SuuvrdxetTdndfj9b1WOmy73kcPRoERUg==",
      "cpu": [
        "riscv64"
      ],
      "dev": true,
      "license": "MIT",
      "optional": true,
      "os": [
        "linux"
      ]
    },
    "node_modules/@rollup/rollup-linux-riscv64-musl": {
      "version": "4.59.0",
      "resolved": "https://registry.npmjs.org/@rollup/rollup-linux-riscv64-musl/-/rollup-linux-riscv64-musl-4.59.0.tgz",
      "integrity": "sha512-nLckB8WOqHIf1bhymk+oHxvM9D3tyPndZH8i8+35p/1YiVoVswPid2yLzgX7ZJP0KQvnkhM4H6QZ5m0LzbyIAg==",
      "cpu": [
        "riscv64"
      ],
      "dev": true,
      "license": "MIT",
      "optional": true,
      "os": [
        "linux"
      ]
    },
    "node_modules/@rollup/rollup-linux-s390x-gnu": {
      "version": "4.59.0",
      "resolved": "https://registry.npmjs.org/@rollup/rollup-linux-s390x-gnu/-/rollup-linux-s390x-gnu-4.59.0.tgz",
      "integrity": "sha512-oF87Ie3uAIvORFBpwnCvUzdeYUqi2wY6jRFWJAy1qus/udHFYIkplYRW+wo+GRUP4sKzYdmE1Y3+rY5Gc4ZO+w==",
      "cpu": [
        "s390x"
      ],
      "dev": true,
      "license": "MIT",
      "optional": true,
      "os": [
        "linux"
      ]
    },
    "node_modules/@rollup/rollup-linux-x64-gnu": {
      "version": "4.59.0",
      "resolved": "https://registry.npmjs.org/@rollup/rollup-linux-x64-gnu/-/rollup-linux-x64-gnu-4.59.0.tgz",
      "integrity": "sha512-3AHmtQq/ppNuUspKAlvA8HtLybkDflkMuLK4DPo77DfthRb71V84/c4MlWJXixZz4uruIH4uaa07IqoAkG64fg==",
      "cpu": [
        "x64"
      ],
      "dev": true,
      "license": "MIT",
      "optional": true,
      "os": [
        "linux"
      ]
    },
    "node_modules/@rollup/rollup-linux-x64-musl": {
      "version": "4.59.0",
      "resolved": "https://registry.npmjs.org/@rollup/rollup-linux-x64-musl/-/rollup-linux-x64-musl-4.59.0.tgz",
      "integrity": "sha512-2UdiwS/9cTAx7qIUZB/fWtToJwvt0Vbo0zmnYt7ED35KPg13Q0ym1g442THLC7VyI6JfYTP4PiSOWyoMdV2/xg==",
      "cpu": [
        "x64"
      ],
      "dev": true,
      "license": "MIT",
      "optional": true,
      "os": [
        "linux"
      ]
    },
    "node_modules/@rollup/rollup-openbsd-x64": {
      "version": "4.59.0",
      "resolved": "https://registry.npmjs.org/@rollup/rollup-openbsd-x64/-/rollup-openbsd-x64-4.59.0.tgz",
      "integrity": "sha512-M3bLRAVk6GOwFlPTIxVBSYKUaqfLrn8l0psKinkCFxl4lQvOSz8ZrKDz2gxcBwHFpci0B6rttydI4IpS4IS/jQ==",
      "cpu": [
        "x64"
      ],
      "dev": true,
      "license": "MIT",
      "optional": true,
      "os": [
        "openbsd"
      ]
    },
    "node_modules/@rollup/rollup-openharmony-arm64": {
      "version": "4.59.0",
      "resolved": "https://registry.npmjs.org/@rollup/rollup-openharmony-arm64/-/rollup-openharmony-arm64-4.59.0.tgz",
      "integrity": "sha512-tt9KBJqaqp5i5HUZzoafHZX8b5Q2Fe7UjYERADll83O4fGqJ49O1FsL6LpdzVFQcpwvnyd0i+K/VSwu/o/nWlA==",
      "cpu": [
        "arm64"
      ],
      "dev": true,
      "license": "MIT",
      "optional": true,
      "os": [
        "openharmony"
      ]
    },
    "node_modules/@rollup/rollup-win32-arm64-msvc": {
      "version": "4.59.0",
      "resolved": "https://registry.npmjs.org/@rollup/rollup-win32-arm64-msvc/-/rollup-win32-arm64-msvc-4.59.0.tgz",
      "integrity": "sha512-V5B6mG7OrGTwnxaNUzZTDTjDS7F75PO1ae6MJYdiMu60sq0CqN5CVeVsbhPxalupvTX8gXVSU9gq+Rx1/hvu6A==",
      "cpu": [
        "arm64"
      ],
      "dev": true,
      "license": "MIT",
      "optional": true,
      "os": [
        "win32"
      ]
    },
    "node_modules/@rollup/rollup-win32-ia32-msvc": {
      "version": "4.59.0",
      "resolved": "https://registry.npmjs.org/@rollup/rollup-win32-ia32-msvc/-/rollup-win32-ia32-msvc-4.59.0.tgz",
      "integrity": "sha512-UKFMHPuM9R0iBegwzKF4y0C4J9u8C6MEJgFuXTBerMk7EJ92GFVFYBfOZaSGLu6COf7FxpQNqhNS4c4icUPqxA==",
      "cpu": [
        "ia32"
      ],
      "dev": true,
      "license": "MIT",
      "optional": true,
      "os": [
        "win32"
      ]
    },
    "node_modules/@rollup/rollup-win32-x64-gnu": {
      "version": "4.59.0",
      "resolved": "https://registry.npmjs.org/@rollup/rollup-win32-x64-gnu/-/rollup-win32-x64-gnu-4.59.0.tgz",
      "integrity": "sha512-laBkYlSS1n2L8fSo1thDNGrCTQMmxjYY5G0WFWjFFYZkKPjsMBsgJfGf4TLxXrF6RyhI60L8TMOjBMvXiTcxeA==",
      "cpu": [
        "x64"
      ],
      "dev": true,
      "license": "MIT",
      "optional": true,
      "os": [
        "win32"
      ]
    },
    "node_modules/@speckle/objectloader2": {
      "version": "2.25.4",
      "resolved": "https://registry.npmjs.org/@speckle/objectloader2/-/objectloader2-2.25.4.tgz",
      "integrity": "sha512-QUPtewx3RRffZXn4xDv1BE6hNR/9I/6dCpPxLWRqTRFaJsZVqFAVw23ds9H6Po3A2K7LQ9LkB5vyPTxvw087rw==",
      "license": "Apache-2.0",
      "dependencies": {
        "@speckle/shared": "^2.25.4",
        "dexie": "^4.0.11"
      },
      "engines": {
        "node": ">=18.0.0"
      }
    },
    "node_modules/@speckle/objectloader2/node_modules/@speckle/shared": {
      "version": "2.25.4",
      "resolved": "https://registry.npmjs.org/@speckle/shared/-/shared-2.25.4.tgz",
      "integrity": "sha512-o3H/MjoUjsVhIxxrn6Ce034zTGWqAHM5wMxJCM4nW/nVj4zZmFkPuuMZKhZPZ9ig49T1tughcorrWI+WCxXo5g==",
      "license": "Apache-2.0",
      "dependencies": {
        "dayjs": "^1.11.13",
        "lodash": "^4.17.21",
        "lodash-es": "^4.17.21",
        "nanoid": "^5.1.5",
        "true-myth": "^8.5.0",
        "type-fest": "^3.11.1"
      },
      "engines": {
        "node": ">=18.0.0"
      },
      "peerDependencies": {
        "@tiptap/core": "^2.0.0-beta.176",
        "bull": "*",
        "knex": "*",
        "mixpanel": "^0.17.0",
        "pino": "^8.7.0",
        "pino-http": "^8.0.0",
        "pino-pretty": ">=8.0.0",
        "ua-parser-js": "^1.0.38",
        "znv": "^0.4.0",
        "zod": "^3.22.4"
      }
    },
    "node_modules/@speckle/objectloader2/node_modules/nanoid": {
      "version": "5.1.7",
      "resolved": "https://registry.npmjs.org/nanoid/-/nanoid-5.1.7.tgz",
      "integrity": "sha512-ua3NDgISf6jdwezAheMOk4mbE1LXjm1DfMUDMuJf4AqxLFK3ccGpgWizwa5YV7Yz9EpXwEaWoRXSb/BnV0t5dQ==",
      "funding": [
        {
          "type": "github",
          "url": "https://github.com/sponsors/ai"
        }
      ],
      "license": "MIT",
      "bin": {
        "nanoid": "bin/nanoid.js"
      },
      "engines": {
        "node": "^18 || >=20"
      }
    },
    "node_modules/@speckle/objectloader2/node_modules/type-fest": {
      "version": "3.13.1",
      "resolved": "https://registry.npmjs.org/type-fest/-/type-fest-3.13.1.tgz",
      "integrity": "sha512-tLq3bSNx+xSpwvAJnzrK0Ep5CLNWjvFTOp71URMaAEWBfRb9nnJiBoUe0tF8bI4ZFO3omgBR6NvnbzVUT3Ly4g==",
      "license": "(MIT OR CC0-1.0)",
      "engines": {
        "node": ">=14.16"
      },
      "funding": {
        "url": "https://github.com/sponsors/sindresorhus"
      }
    },
    "node_modules/@speckle/viewer": {
      "version": "2.25.4",
      "resolved": "https://registry.npmjs.org/@speckle/viewer/-/viewer-2.25.4.tgz",
      "integrity": "sha512-oqKuBENLFNiWzPb/oyg6d9sGzkwJmq/teeIiouBk43zUrwMH2COtFzgBKkHFvz71ovpLPsomTzgb9jnHxbBOhQ==",
      "license": "Apache-2.0",
      "dependencies": {
        "@speckle/objectloader2": "^2.25.4",
        "@speckle/shared": "^2.25.4",
        "@types/flat": "^5.0.2",
        "earcut": "3.0.1",
        "flat": "^5.0.2",
        "js-logger": "1.6.1",
        "lodash-es": "^4.17.21",
        "polylabel": "2.0.1",
        "string-to-color": "^2.2.2",
        "three": "^0.140.0",
        "three-mesh-bvh": "0.5.17",
        "tree-model": "1.0.7",
        "troika-three-text": "0.47.2",
        "type-fest": "^4.15.0"
      },
      "engines": {
        "node": ">=18.0.0"
      }
    },
    "node_modules/@speckle/viewer/node_modules/@speckle/shared": {
      "version": "2.25.4",
      "resolved": "https://registry.npmjs.org/@speckle/shared/-/shared-2.25.4.tgz",
      "integrity": "sha512-o3H/MjoUjsVhIxxrn6Ce034zTGWqAHM5wMxJCM4nW/nVj4zZmFkPuuMZKhZPZ9ig49T1tughcorrWI+WCxXo5g==",
      "license": "Apache-2.0",
      "dependencies": {
        "dayjs": "^1.11.13",
        "lodash": "^4.17.21",
        "lodash-es": "^4.17.21",
        "nanoid": "^5.1.5",
        "true-myth": "^8.5.0",
        "type-fest": "^3.11.1"
      },
      "engines": {
        "node": ">=18.0.0"
      },
      "peerDependencies": {
        "@tiptap/core": "^2.0.0-beta.176",
        "bull": "*",
        "knex": "*",
        "mixpanel": "^0.17.0",
        "pino": "^8.7.0",
        "pino-http": "^8.0.0",
        "pino-pretty": ">=8.0.0",
        "ua-parser-js": "^1.0.38",
        "znv": "^0.4.0",
        "zod": "^3.22.4"
      }
    },
    "node_modules/@speckle/viewer/node_modules/@speckle/shared/node_modules/type-fest": {
      "version": "3.13.1",
      "resolved": "https://registry.npmjs.org/type-fest/-/type-fest-3.13.1.tgz",
      "integrity": "sha512-tLq3bSNx+xSpwvAJnzrK0Ep5CLNWjvFTOp71URMaAEWBfRb9nnJiBoUe0tF8bI4ZFO3omgBR6NvnbzVUT3Ly4g==",
      "license": "(MIT OR CC0-1.0)",
      "engines": {
        "node": ">=14.16"
      },
      "funding": {
        "url": "https://github.com/sponsors/sindresorhus"
      }
    },
    "node_modules/@speckle/viewer/node_modules/nanoid": {
      "version": "5.1.7",
      "resolved": "https://registry.npmjs.org/nanoid/-/nanoid-5.1.7.tgz",
      "integrity": "sha512-ua3NDgISf6jdwezAheMOk4mbE1LXjm1DfMUDMuJf4AqxLFK3ccGpgWizwa5YV7Yz9EpXwEaWoRXSb/BnV0t5dQ==",
      "funding": [
        {
          "type": "github",
          "url": "https://github.com/sponsors/ai"
        }
      ],
      "license": "MIT",
      "bin": {
        "nanoid": "bin/nanoid.js"
      },
      "engines": {
        "node": "^18 || >=20"
      }
    },
    "node_modules/@types/estree": {
      "version": "1.0.8",
      "resolved": "https://registry.npmjs.org/@types/estree/-/estree-1.0.8.tgz",
      "integrity": "sha512-dWHzHa2WqEXI/O1E9OjrocMTKJl2mSrEolh1Iomrv6U+JuNwaHXsXx9bLu5gG7BUWFIN0skIQJQ/L1rIex4X6w==",
      "dev": true,
      "license": "MIT"
    },
    "node_modules/@types/flat": {
      "version": "5.0.5",
      "resolved": "https://registry.npmjs.org/@types/flat/-/flat-5.0.5.tgz",
      "integrity": "sha512-nPLljZQKSnac53KDUDzuzdRfGI0TDb5qPrb+SrQyN3MtdQrOnGsKniHN1iYZsJEBIVQve94Y6gNz22sgISZq+Q==",
      "license": "MIT"
    },
    "node_modules/bidi-js": {
      "version": "1.0.3",
      "resolved": "https://registry.npmjs.org/bidi-js/-/bidi-js-1.0.3.tgz",
      "integrity": "sha512-RKshQI1R3YQ+n9YJz2QQ147P66ELpa1FQEg20Dk8oW9t2KgLbpDLLp9aGZ7y8WHSshDknG0bknqGw5/tyCs5tw==",
      "license": "MIT",
      "dependencies": {
        "require-from-string": "^2.0.2"
      }
    },
    "node_modules/colornames": {
      "version": "1.1.1",
      "resolved": "https://registry.npmjs.org/colornames/-/colornames-1.1.1.tgz",
      "integrity": "sha512-/pyV40IrsdulWv+wFPmERh9k/mjsPZ64yUMDmWrtj/k1nmgrzzIENWKdaVKyBbvFdQWqkcaRxr+polCo3VMe7A==",
      "license": "MIT"
    },
    "node_modules/dayjs": {
      "version": "1.11.20",
      "resolved": "https://registry.npmjs.org/dayjs/-/dayjs-1.11.20.tgz",
      "integrity": "sha512-YbwwqR/uYpeoP4pu043q+LTDLFBLApUP6VxRihdfNTqu4ubqMlGDLd6ErXhEgsyvY0K6nCs7nggYumAN+9uEuQ==",
      "license": "MIT"
    },
    "node_modules/dexie": {
      "version": "4.3.0",
      "resolved": "https://registry.npmjs.org/dexie/-/dexie-4.3.0.tgz",
      "integrity": "sha512-5EeoQpJvMKHe6zWt/FSIIuRa3CWlZeIl6zKXt+Lz7BU6RoRRLgX9dZEynRfXrkLcldKYCBiz7xekTEylnie1Ug==",
      "license": "Apache-2.0"
    },
    "node_modules/earcut": {
      "version": "3.0.1",
      "resolved": "https://registry.npmjs.org/earcut/-/earcut-3.0.1.tgz",
      "integrity": "sha512-0l1/0gOjESMeQyYaK5IDiPNvFeu93Z/cO0TjZh9eZ1vyCtZnA7KMZ8rQggpsJHIbGSdrqYq9OhuveadOVHCshw==",
      "license": "ISC"
    },
    "node_modules/esbuild": {
      "version": "0.21.5",
      "resolved": "https://registry.npmjs.org/esbuild/-/esbuild-0.21.5.tgz",
      "integrity": "sha512-mg3OPMV4hXywwpoDxu3Qda5xCKQi+vCTZq8S9J/EpkhB2HzKXq4SNFZE3+NK93JYxc8VMSep+lOUSC/RVKaBqw==",
      "dev": true,
      "hasInstallScript": true,
      "license": "MIT",
      "bin": {
        "esbuild": "bin/esbuild"
      },
      "engines": {
        "node": ">=12"
      },
      "optionalDependencies": {
        "@esbuild/aix-ppc64": "0.21.5",
        "@esbuild/android-arm": "0.21.5",
        "@esbuild/android-arm64": "0.21.5",
        "@esbuild/android-x64": "0.21.5",
        "@esbuild/darwin-arm64": "0.21.5",
        "@esbuild/darwin-x64": "0.21.5",
        "@esbuild/freebsd-arm64": "0.21.5",
        "@esbuild/freebsd-x64": "0.21.5",
        "@esbuild/linux-arm": "0.21.5",
        "@esbuild/linux-arm64": "0.21.5",
        "@esbuild/linux-ia32": "0.21.5",
        "@esbuild/linux-loong64": "0.21.5",
        "@esbuild/linux-mips64el": "0.21.5",
        "@esbuild/linux-ppc64": "0.21.5",
        "@esbuild/linux-riscv64": "0.21.5",
        "@esbuild/linux-s390x": "0.21.5",
        "@esbuild/linux-x64": "0.21.5",
        "@esbuild/netbsd-x64": "0.21.5",
        "@esbuild/openbsd-x64": "0.21.5",
        "@esbuild/sunos-x64": "0.21.5",
        "@esbuild/win32-arm64": "0.21.5",
        "@esbuild/win32-ia32": "0.21.5",
        "@esbuild/win32-x64": "0.21.5"
      }
    },
    "node_modules/esbuild/node_modules/@esbuild/win32-x64": {
      "version": "0.21.5",
      "resolved": "https://registry.npmjs.org/@esbuild/win32-x64/-/win32-x64-0.21.5.tgz",
      "integrity": "sha512-tQd/1efJuzPC6rCFwEvLtci/xNFcTZknmXs98FYDfGE4wP9ClFV98nyKrzJKVPMhdDnjzLhdUyMX4PsQAPjwIw==",
      "cpu": [
        "x64"
      ],
      "dev": true,
      "license": "MIT",
      "optional": true,
      "os": [
        "win32"
      ],
      "engines": {
        "node": ">=12"
      }
    },
    "node_modules/find-insert-index": {
      "version": "0.0.1",
      "resolved": "https://registry.npmjs.org/find-insert-index/-/find-insert-index-0.0.1.tgz",
      "integrity": "sha512-eIqFuQzY7XwpAJ3sHWKFNGLx1nm3w/IhmFASETcx5sUuCaOUd3xDqRK/376SzXMVVJQaJUCPlS7L841T0xpFjQ==",
      "license": "MIT"
    },
    "node_modules/flat": {
      "version": "5.0.2",
      "resolved": "https://registry.npmjs.org/flat/-/flat-5.0.2.tgz",
      "integrity": "sha512-b6suED+5/3rTpUBdG1gupIl8MPFCAMA0QXwmljLhvCUKcUvdE4gWky9zpuGCcXHOsz4J9wPGNWq6OKpmIzz3hQ==",
      "license": "BSD-3-Clause",
      "bin": {
        "flat": "cli.js"
      }
    },
    "node_modules/fsevents": {
      "version": "2.3.2",
      "resolved": "https://registry.npmjs.org/fsevents/-/fsevents-2.3.2.tgz",
      "integrity": "sha512-xiqMQR4xAeHTuB9uWm+fFRcIOgKBMiOBP+eXiyT7jsgVCq1bkVygt00oASowB7EdtpOHaaPgKt812P9ab+DDKA==",
      "dev": true,
      "hasInstallScript": true,
      "license": "MIT",
      "optional": true,
      "os": [
        "darwin"
      ],
      "engines": {
        "node": "^8.16.0 || ^10.6.0 || >=11.0.0"
      }
    },
    "node_modules/hex-rgb": {
      "version": "4.3.0",
      "resolved": "https://registry.npmjs.org/hex-rgb/-/hex-rgb-4.3.0.tgz",
      "integrity": "sha512-Ox1pJVrDCyGHMG9CFg1tmrRUMRPRsAWYc/PinY0XzJU4K7y7vjNoLKIQ7BR5UJMCxNN8EM1MNDmHWA/B3aZUuw==",
      "license": "MIT",
      "engines": {
        "node": ">=6"
      },
      "funding": {
        "url": "https://github.com/sponsors/sindresorhus"
      }
    },
    "node_modules/js-logger": {
      "version": "1.6.1",
      "resolved": "https://registry.npmjs.org/js-logger/-/js-logger-1.6.1.tgz",
      "integrity": "sha512-yTgMCPXVjhmg28CuUH8CKjU+cIKL/G+zTu4Fn4lQxs8mRFH/03QTNvEFngcxfg/gRDiQAOoyCKmMTOm9ayOzXA==",
      "license": "MIT"
    },
    "node_modules/lodash": {
      "version": "4.17.23",
      "resolved": "https://registry.npmjs.org/lodash/-/lodash-4.17.23.tgz",
      "integrity": "sha512-LgVTMpQtIopCi79SJeDiP0TfWi5CNEc/L/aRdTh3yIvmZXTnheWpKjSZhnvMl8iXbC1tFg9gdHHDMLoV7CnG+w==",
      "license": "MIT"
    },
    "node_modules/lodash-es": {
      "version": "4.17.23",
      "resolved": "https://registry.npmjs.org/lodash-es/-/lodash-es-4.17.23.tgz",
      "integrity": "sha512-kVI48u3PZr38HdYz98UmfPnXl2DXrpdctLrFLCd3kOx1xUkOmpFPx7gCWWM5MPkL/fD8zb+Ph0QzjGFs4+hHWg==",
      "license": "MIT"
    },
    "node_modules/lodash.padend": {
      "version": "4.6.1",
      "resolved": "https://registry.npmjs.org/lodash.padend/-/lodash.padend-4.6.1.tgz",
      "integrity": "sha512-sOQs2aqGpbl27tmCS1QNZA09Uqp01ZzWfDUoD+xzTii0E7dSQfRKcRetFwa+uXaxaqL+TKm7CgD2JdKP7aZBSw==",
      "license": "MIT"
    },
    "node_modules/lodash.trimstart": {
      "version": "4.5.1",
      "resolved": "https://registry.npmjs.org/lodash.trimstart/-/lodash.trimstart-4.5.1.tgz",
      "integrity": "sha512-b/+D6La8tU76L/61/aN0jULWHkT0EeJCmVstPBn/K9MtD2qBW83AsBNrr63dKuWYwVMO7ucv13QNO/Ek/2RKaQ==",
      "license": "MIT"
    },
    "node_modules/lodash.words": {
      "version": "4.2.0",
      "resolved": "https://registry.npmjs.org/lodash.words/-/lodash.words-4.2.0.tgz",
      "integrity": "sha512-mXxqd8Yx9BGPij3lZKFSdOsjOTbL4krbCCp9slEozaN4EMppA2dFmK/f8HeohodprY6W0vOdiQ5WFgPaTI75xQ==",
      "license": "MIT"
    },
    "node_modules/mergesort": {
      "version": "0.0.1",
      "resolved": "https://registry.npmjs.org/mergesort/-/mergesort-0.0.1.tgz",
      "integrity": "sha512-WKghTBzqAvTt9rG5TWS78Dmk2kCCL9VkkX8Zi9kKfJ4iqYpvcGGpeYtkhPHa9NZAPLivZiZsdO/LBG3ENayDmQ==",
      "license": "MIT"
    },
    "node_modules/nanoid": {
      "version": "3.3.11",
      "resolved": "https://registry.npmjs.org/nanoid/-/nanoid-3.3.11.tgz",
      "integrity": "sha512-N8SpfPUnUp1bK+PMYW8qSWdl9U+wwNWI4QKxOYDy9JAro3WMX7p2OeVRF9v+347pnakNevPmiHhNmZ2HbFA76w==",
      "dev": true,
      "funding": [
        {
          "type": "github",
          "url": "https://github.com/sponsors/ai"
        }
      ],
      "license": "MIT",
      "bin": {
        "nanoid": "bin/nanoid.cjs"
      },
      "engines": {
        "node": "^10 || ^12 || ^13.7 || ^14 || >=15.0.1"
      }
    },
    "node_modules/picocolors": {
      "version": "1.1.1",
      "resolved": "https://registry.npmjs.org/picocolors/-/picocolors-1.1.1.tgz",
      "integrity": "sha512-xceH2snhtb5M9liqDsmEw56le376mTZkEX/jEb/RxNFyegNul7eNslCXP9FDj/Lcu0X8KEyMceP2ntpaHrDEVA==",
      "dev": true,
      "license": "ISC"
    },
    "node_modules/playwright": {
      "version": "1.58.2",
      "resolved": "https://registry.npmjs.org/playwright/-/playwright-1.58.2.tgz",
      "integrity": "sha512-vA30H8Nvkq/cPBnNw4Q8TWz1EJyqgpuinBcHET0YVJVFldr8JDNiU9LaWAE1KqSkRYazuaBhTpB5ZzShOezQ6A==",
      "dev": true,
      "license": "Apache-2.0",
      "dependencies": {
        "playwright-core": "1.58.2"
      },
      "bin": {
        "playwright": "cli.js"
      },
      "engines": {
        "node": ">=18"
      },
      "optionalDependencies": {
        "fsevents": "2.3.2"
      }
    },
    "node_modules/playwright-core": {
      "version": "1.58.2",
      "resolved": "https://registry.npmjs.org/playwright-core/-/playwright-core-1.58.2.tgz",
      "integrity": "sha512-yZkEtftgwS8CsfYo7nm0KE8jsvm6i/PTgVtB8DL726wNf6H2IMsDuxCpJj59KDaxCtSnrWan2AeDqM7JBaultg==",
      "dev": true,
      "license": "Apache-2.0",
      "bin": {
        "playwright-core": "cli.js"
      },
      "engines": {
        "node": ">=18"
      }
    },
    "node_modules/polylabel": {
      "version": "2.0.1",
      "resolved": "https://registry.npmjs.org/polylabel/-/polylabel-2.0.1.tgz",
      "integrity": "sha512-B6Yu+Bdl/8SGtjVhyUfZzD3DwciCS9SPVtHiNdt8idHHatvTHp5Ss8XGDRmQFtfF1ZQnfK+Cj5dXdpkUXBbXgA==",
      "license": "ISC",
      "dependencies": {
        "tinyqueue": "^3.0.0"
      }
    },
    "node_modules/postcss": {
      "version": "8.5.8",
      "resolved": "https://registry.npmjs.org/postcss/-/postcss-8.5.8.tgz",
      "integrity": "sha512-OW/rX8O/jXnm82Ey1k44pObPtdblfiuWnrd8X7GJ7emImCOstunGbXUpp7HdBrFQX6rJzn3sPT397Wp5aCwCHg==",
      "dev": true,
      "funding": [
        {
          "type": "opencollective",
          "url": "https://opencollective.com/postcss/"
        },
        {
          "type": "tidelift",
          "url": "https://tidelift.com/funding/github/npm/postcss"
        },
        {
          "type": "github",
          "url": "https://github.com/sponsors/ai"
        }
      ],
      "license": "MIT",
      "dependencies": {
        "nanoid": "^3.3.11",
        "picocolors": "^1.1.1",
        "source-map-js": "^1.2.1"
      },
      "engines": {
        "node": "^10 || ^12 || >=14"
      }
    },
    "node_modules/require-from-string": {
      "version": "2.0.2",
      "resolved": "https://registry.npmjs.org/require-from-string/-/require-from-string-2.0.2.tgz",
      "integrity": "sha512-Xf0nWe6RseziFMu+Ap9biiUbmplq6S9/p+7w7YXP/JBHhrUDDUhwa+vANyubuqfZWTveU//DYVGsDG7RKL/vEw==",
      "license": "MIT",
      "engines": {
        "node": ">=0.10.0"
      }
    },
    "node_modules/rgb-hex": {
      "version": "3.0.0",
      "resolved": "https://registry.npmjs.org/rgb-hex/-/rgb-hex-3.0.0.tgz",
      "integrity": "sha512-8h7ZcwxCBDKvchSWbWngJuSCqJGQ6nDuLLg+QcRyQDbX9jMWt+PpPeXAhSla0GOooEomk3lCprUpGkMdsLjKyg==",
      "license": "MIT",
      "engines": {
        "node": ">=8"
      }
    },
    "node_modules/rollup": {
      "version": "4.59.0",
      "resolved": "https://registry.npmjs.org/rollup/-/rollup-4.59.0.tgz",
      "integrity": "sha512-2oMpl67a3zCH9H79LeMcbDhXW/UmWG/y2zuqnF2jQq5uq9TbM9TVyXvA4+t+ne2IIkBdrLpAaRQAvo7YI/Yyeg==",
      "dev": true,
      "license": "MIT",
      "dependencies": {
        "@types/estree": "1.0.8"
      },
      "bin": {
        "rollup": "dist/bin/rollup"
      },
      "engines": {
        "node": ">=18.0.0",
        "npm": ">=8.0.0"
      },
      "optionalDependencies": {
        "@rollup/rollup-android-arm-eabi": "4.59.0",
        "@rollup/rollup-android-arm64": "4.59.0",
        "@rollup/rollup-darwin-arm64": "4.59.0",
        "@rollup/rollup-darwin-x64": "4.59.0",
        "@rollup/rollup-freebsd-arm64": "4.59.0",
        "@rollup/rollup-freebsd-x64": "4.59.0",
        "@rollup/rollup-linux-arm-gnueabihf": "4.59.0",
        "@rollup/rollup-linux-arm-musleabihf": "4.59.0",
        "@rollup/rollup-linux-arm64-gnu": "4.59.0",
        "@rollup/rollup-linux-arm64-musl": "4.59.0",
        "@rollup/rollup-linux-loong64-gnu": "4.59.0",
        "@rollup/rollup-linux-loong64-musl": "4.59.0",
        "@rollup/rollup-linux-ppc64-gnu": "4.59.0",
        "@rollup/rollup-linux-ppc64-musl": "4.59.0",
        "@rollup/rollup-linux-riscv64-gnu": "4.59.0",
        "@rollup/rollup-linux-riscv64-musl": "4.59.0",
        "@rollup/rollup-linux-s390x-gnu": "4.59.0",
        "@rollup/rollup-linux-x64-gnu": "4.59.0",
        "@rollup/rollup-linux-x64-musl": "4.59.0",
        "@rollup/rollup-openbsd-x64": "4.59.0",
        "@rollup/rollup-openharmony-arm64": "4.59.0",
        "@rollup/rollup-win32-arm64-msvc": "4.59.0",
        "@rollup/rollup-win32-ia32-msvc": "4.59.0",
        "@rollup/rollup-win32-x64-gnu": "4.59.0",
        "@rollup/rollup-win32-x64-msvc": "4.59.0",
        "fsevents": "~2.3.2"
      }
    },
    "node_modules/rollup/node_modules/@rollup/rollup-win32-x64-msvc": {
      "version": "4.59.0",
      "resolved": "https://registry.npmjs.org/@rollup/rollup-win32-x64-msvc/-/rollup-win32-x64-msvc-4.59.0.tgz",
      "integrity": "sha512-2HRCml6OztYXyJXAvdDXPKcawukWY2GpR5/nxKp4iBgiO3wcoEGkAaqctIbZcNB6KlUQBIqt8VYkNSj2397EfA==",
      "cpu": [
        "x64"
      ],
      "dev": true,
      "license": "MIT",
      "optional": true,
      "os": [
        "win32"
      ]
    },
    "node_modules/source-map-js": {
      "version": "1.2.1",
      "resolved": "https://registry.npmjs.org/source-map-js/-/source-map-js-1.2.1.tgz",
      "integrity": "sha512-UXWMKhLOwVKb728IUtQPXxfYU+usdybtUrK/8uGE8CQMvrhOpwvzDBwj0QhSL7MQc7vIsISBG8VQ8+IDQxpfQA==",
      "dev": true,
      "license": "BSD-3-Clause",
      "engines": {
        "node": ">=0.10.0"
      }
    },
    "node_modules/string-to-color": {
      "version": "2.2.2",
      "resolved": "https://registry.npmjs.org/string-to-color/-/string-to-color-2.2.2.tgz",
      "integrity": "sha512-XeA2goP7PNsSlz8RRn6KhYswnMf5Tl+38ajfy8n4oZJyMGC4qqKgHNHsZ/3qwvr42NRIjf9eSr721SyetDeMkA==",
      "license": "MIT",
      "dependencies": {
        "colornames": "^1.1.1",
        "hex-rgb": "^4.1.0",
        "lodash.padend": "^4.6.1",
        "lodash.trimstart": "^4.5.1",
        "lodash.words": "^4.2.0",
        "rgb-hex": "^3.0.0"
      }
    },
    "node_modules/three": {
      "version": "0.140.2",
      "resolved": "https://registry.npmjs.org/three/-/three-0.140.2.tgz",
      "integrity": "sha512-DdT/AHm/TbZXEhQKQpGt5/iSgBrmXpjU26FNtj1KhllVPTKj1eG4X/ShyD5W2fngE+I1s1wa4ttC4C3oCJt7Ag==",
      "license": "MIT"
    },
    "node_modules/three-mesh-bvh": {
      "version": "0.5.17",
      "resolved": "https://registry.npmjs.org/three-mesh-bvh/-/three-mesh-bvh-0.5.17.tgz",
      "integrity": "sha512-0iyqZe0Op6tH7nqVI4L2Ae1tACiYliJvx0cFvehrVzzfZRW8p4c9GYnqGPPN5+x7Q8L5WjJC8kgoA8Z+/+1oAQ==",
      "license": "MIT",
      "peerDependencies": {
        "three": ">= 0.123.0"
      }
    },
    "node_modules/tinyqueue": {
      "version": "3.0.0",
      "resolved": "https://registry.npmjs.org/tinyqueue/-/tinyqueue-3.0.0.tgz",
      "integrity": "sha512-gRa9gwYU3ECmQYv3lslts5hxuIa90veaEcxDYuu3QGOIAEM2mOZkVHp48ANJuu1CURtRdHKUBY5Lm1tHV+sD4g==",
      "license": "ISC"
    },
    "node_modules/tree-model": {
      "version": "1.0.7",
      "resolved": "https://registry.npmjs.org/tree-model/-/tree-model-1.0.7.tgz",
      "integrity": "sha512-oP4LUbCVtD2gcjcRaeI4L5hY60tHzB+AK/bthIJ2Pq1EUUOio5/xFzPWnGoBZlhtqpqbOkhFDzKIwKLOn0kccQ==",
      "license": "MIT",
      "dependencies": {
        "find-insert-index": "0.0.1",
        "mergesort": "0.0.1"
      }
    },
    "node_modules/troika-three-text": {
      "version": "0.47.2",
      "resolved": "https://registry.npmjs.org/troika-three-text/-/troika-three-text-0.47.2.tgz",
      "integrity": "sha512-qylT0F+U7xGs+/PEf3ujBdJMYWbn0Qci0kLqI5BJG2kW1wdg4T1XSxneypnF05DxFqJhEzuaOR9S2SjiyknMng==",
      "license": "MIT",
      "dependencies": {
        "bidi-js": "^1.0.2",
        "troika-three-utils": "^0.47.2",
        "troika-worker-utils": "^0.47.2",
        "webgl-sdf-generator": "1.1.1"
      },
      "peerDependencies": {
        "three": ">=0.125.0"
      }
    },
    "node_modules/troika-three-utils": {
      "version": "0.47.2",
      "resolved": "https://registry.npmjs.org/troika-three-utils/-/troika-three-utils-0.47.2.tgz",
      "integrity": "sha512-/28plhCxfKtH7MSxEGx8e3b/OXU5A0xlwl+Sbdp0H8FXUHKZDoksduEKmjQayXYtxAyuUiCRunYIv/8Vi7aiyg==",
      "license": "MIT",
      "peerDependencies": {
        "three": ">=0.125.0"
      }
    },
    "node_modules/troika-worker-utils": {
      "version": "0.47.2",
      "resolved": "https://registry.npmjs.org/troika-worker-utils/-/troika-worker-utils-0.47.2.tgz",
      "integrity": "sha512-mzss4MeyzUkYBppn4x5cdAqrhBHFEuVmMMgLMTyFV23x6GvQMyo+/R5E5Lsbrt7WSt5RfvewjcwD1DChRTA9lA==",
      "license": "MIT"
    },
    "node_modules/true-myth": {
      "version": "8.6.0",
      "resolved": "https://registry.npmjs.org/true-myth/-/true-myth-8.6.0.tgz",
      "integrity": "sha512-0JBqvEg05Ify+bwgGou/SUzauyWI2ShgzOTa441ewKslmYaUHLP+/hbV5vgk8pYE/ZEReapD7NcVNZGEk9AHJA==",
      "license": "MIT",
      "engines": {
        "node": "18.* || >= 20.*"
      }
    },
    "node_modules/type-fest": {
      "version": "4.41.0",
      "resolved": "https://registry.npmjs.org/type-fest/-/type-fest-4.41.0.tgz",
      "integrity": "sha512-TeTSQ6H5YHvpqVwBRcnLDCBnDOHWYu7IvGbHT6N8AOymcr9PJGjc1GTtiWZTYg0NCgYwvnYWEkVChQAr9bjfwA==",
      "license": "(MIT OR CC0-1.0)",
      "engines": {
        "node": ">=16"
      },
      "funding": {
        "url": "https://github.com/sponsors/sindresorhus"
      }
    },
    "node_modules/typescript": {
      "version": "5.9.3",
      "resolved": "https://registry.npmjs.org/typescript/-/typescript-5.9.3.tgz",
      "integrity": "sha512-jl1vZzPDinLr9eUt3J/t7V6FgNEw9QjvBPdysz9KfQDD41fQrC2Y4vKQdiaUpFT4bXlb1RHhLpp8wtm6M5TgSw==",
      "dev": true,
      "license": "Apache-2.0",
      "bin": {
        "tsc": "bin/tsc",
        "tsserver": "bin/tsserver"
      },
      "engines": {
        "node": ">=14.17"
      }
    },
    "node_modules/vite": {
      "version": "5.4.21",
      "resolved": "https://registry.npmjs.org/vite/-/vite-5.4.21.tgz",
      "integrity": "sha512-o5a9xKjbtuhY6Bi5S3+HvbRERmouabWbyUcpXXUA1u+GNUKoROi9byOJ8M0nHbHYHkYICiMlqxkg1KkYmm25Sw==",
      "dev": true,
      "license": "MIT",
      "dependencies": {
        "esbuild": "^0.21.3",
        "postcss": "^8.4.43",
        "rollup": "^4.20.0"
      },
      "bin": {
        "vite": "bin/vite.js"
      },
      "engines": {
        "node": "^18.0.0 || >=20.0.0"
      },
      "funding": {
        "url": "https://github.com/vitejs/vite?sponsor=1"
      },
      "optionalDependencies": {
        "fsevents": "~2.3.3"
      },
      "peerDependencies": {
        "@types/node": "^18.0.0 || >=20.0.0",
        "less": "*",
        "lightningcss": "^1.21.0",
        "sass": "*",
        "sass-embedded": "*",
        "stylus": "*",
        "sugarss": "*",
        "terser": "^5.4.0"
      },
      "peerDependenciesMeta": {
        "@types/node": {
          "optional": true
        },
        "less": {
          "optional": true
        },
        "lightningcss": {
          "optional": true
        },
        "sass": {
          "optional": true
        },
        "sass-embedded": {
          "optional": true
        },
        "stylus": {
          "optional": true
        },
        "sugarss": {
          "optional": true
        },
        "terser": {
          "optional": true
        }
      }
    },
    "node_modules/vite/node_modules/fsevents": {
      "version": "2.3.3",
      "resolved": "https://registry.npmjs.org/fsevents/-/fsevents-2.3.3.tgz",
      "integrity": "sha512-5xoDfX+fL7faATnagmWPpbFtwh/R77WmMMqqHGS65C3vvB0YHrgF+B1YmZ3441tMj5n63k0212XNoJwzlhffQw==",
      "dev": true,
      "hasInstallScript": true,
      "license": "MIT",
      "optional": true,
      "os": [
        "darwin"
      ],
      "engines": {
        "node": "^8.16.0 || ^10.6.0 || >=11.0.0"
      }
    },
    "node_modules/webgl-sdf-generator": {
      "version": "1.1.1",
      "resolved": "https://registry.npmjs.org/webgl-sdf-generator/-/webgl-sdf-generator-1.1.1.tgz",
      "integrity": "sha512-9Z0JcMTFxeE+b2x1LJTdnaT8rT8aEp7MVxkNwoycNmJWwPdzoXzMh0BjJSh/AEFP+KPYZUli814h8bJZFIZ2jA==",
      "license": "MIT"
    },
    "node_modules/zod": {
      "version": "4.3.6",
      "resolved": "https://registry.npmjs.org/zod/-/zod-4.3.6.tgz",
      "integrity": "sha512-rftlrkhHZOcjDwkGlnUtZZkvaPHCsDATp4pGpuOOMDaTdDDXF91wuVDJoWoPsKX/3YPQ5fHuF3STjcYyKr+Qhg==",
      "license": "MIT",
      "funding": {
        "url": "https://github.com/sponsors/colinhacks"
      }
    }
  }
}
